// !$*UTF8*$!
{
	archiveVersion = 1;
	classes = {
	};
	objectVersion = 50;
	objects = {

/* Begin PBXBuildFile section */
		512B123523F42DD4000FAE09 /* AppDelegate.swift in Sources */ = {isa = PBXBuildFile; fileRef = 512B123423F42DD4000FAE09 /* AppDelegate.swift */; };
		512B123723F42DD4000FAE09 /* SceneDelegate.swift in Sources */ = {isa = PBXBuildFile; fileRef = 512B123623F42DD4000FAE09 /* SceneDelegate.swift */; };
		512B123923F42DD4000FAE09 /* ContentView.swift in Sources */ = {isa = PBXBuildFile; fileRef = 512B123823F42DD4000FAE09 /* ContentView.swift */; };
		512B123B23F42DDA000FAE09 /* Assets.xcassets in Resources */ = {isa = PBXBuildFile; fileRef = 512B123A23F42DDA000FAE09 /* Assets.xcassets */; };
		512B123E23F42DDA000FAE09 /* Preview Assets.xcassets in Resources */ = {isa = PBXBuildFile; fileRef = 512B123D23F42DDA000FAE09 /* Preview Assets.xcassets */; };
		512B124123F42DDA000FAE09 /* LaunchScreen.storyboard in Resources */ = {isa = PBXBuildFile; fileRef = 512B123F23F42DDA000FAE09 /* LaunchScreen.storyboard */; };
		512B124A23F42E31000FAE09 /* ProgressBarUpdater.swift in Sources */ = {isa = PBXBuildFile; fileRef = 512B124923F42E31000FAE09 /* ProgressBarUpdater.swift */; };
		512B124C23F42F09000FAE09 /* TextViewUpdateView.swift in Sources */ = {isa = PBXBuildFile; fileRef = 512B124B23F42F09000FAE09 /* TextViewUpdateView.swift */; };
		512B124F23F44797000FAE09 /* TextColorAnimationModifier.swift in Sources */ = {isa = PBXBuildFile; fileRef = 512B124E23F44797000FAE09 /* TextColorAnimationModifier.swift */; };
		512B125123F4480F000FAE09 /* TextColorAnimationView.swift in Sources */ = {isa = PBXBuildFile; fileRef = 512B125023F4480F000FAE09 /* TextColorAnimationView.swift */; };
		512B125423F44D9B000FAE09 /* GradientModifier.swift in Sources */ = {isa = PBXBuildFile; fileRef = 512B125323F44D9B000FAE09 /* GradientModifier.swift */; };
		512B125623F44DE3000FAE09 /* GradientAnimationView.swift in Sources */ = {isa = PBXBuildFile; fileRef = 512B125523F44DE3000FAE09 /* GradientAnimationView.swift */; };
/* End PBXBuildFile section */

/* Begin PBXFileReference section */
		512B123123F42DD4000FAE09 /* AnimatableModifier Demo.app */ = {isa = PBXFileReference; explicitFileType = wrapper.application; includeInIndex = 0; path = "AnimatableModifier Demo.app"; sourceTree = BUILT_PRODUCTS_DIR; };
		512B123423F42DD4000FAE09 /* AppDelegate.swift */ = {isa = PBXFileReference; lastKnownFileType = sourcecode.swift; path = AppDelegate.swift; sourceTree = "<group>"; };
		512B123623F42DD4000FAE09 /* SceneDelegate.swift */ = {isa = PBXFileReference; lastKnownFileType = sourcecode.swift; path = SceneDelegate.swift; sourceTree = "<group>"; };
		512B123823F42DD4000FAE09 /* ContentView.swift */ = {isa = PBXFileReference; lastKnownFileType = sourcecode.swift; path = ContentView.swift; sourceTree = "<group>"; };
		512B123A23F42DDA000FAE09 /* Assets.xcassets */ = {isa = PBXFileReference; lastKnownFileType = folder.assetcatalog; path = Assets.xcassets; sourceTree = "<group>"; };
		512B123D23F42DDA000FAE09 /* Preview Assets.xcassets */ = {isa = PBXFileReference; lastKnownFileType = folder.assetcatalog; path = "Preview Assets.xcassets"; sourceTree = "<group>"; };
		512B124023F42DDA000FAE09 /* Base */ = {isa = PBXFileReference; lastKnownFileType = file.storyboard; name = Base; path = Base.lproj/LaunchScreen.storyboard; sourceTree = "<group>"; };
		512B124223F42DDA000FAE09 /* Info.plist */ = {isa = PBXFileReference; lastKnownFileType = text.plist.xml; path = Info.plist; sourceTree = "<group>"; };
		512B124923F42E31000FAE09 /* ProgressBarUpdater.swift */ = {isa = PBXFileReference; lastKnownFileType = sourcecode.swift; path = ProgressBarUpdater.swift; sourceTree = "<group>"; };
		512B124B23F42F09000FAE09 /* TextViewUpdateView.swift */ = {isa = PBXFileReference; lastKnownFileType = sourcecode.swift; path = TextViewUpdateView.swift; sourceTree = "<group>"; };
		512B124E23F44797000FAE09 /* TextColorAnimationModifier.swift */ = {isa = PBXFileReference; lastKnownFileType = sourcecode.swift; path = TextColorAnimationModifier.swift; sourceTree = "<group>"; };
		512B125023F4480F000FAE09 /* TextColorAnimationView.swift */ = {isa = PBXFileReference; lastKnownFileType = sourcecode.swift; path = TextColorAnimationView.swift; sourceTree = "<group>"; };
		512B125323F44D9B000FAE09 /* GradientModifier.swift */ = {isa = PBXFileReference; lastKnownFileType = sourcecode.swift; path = GradientModifier.swift; sourceTree = "<group>"; };
		512B125523F44DE3000FAE09 /* GradientAnimationView.swift */ = {isa = PBXFileReference; lastKnownFileType = sourcecode.swift; path = GradientAnimationView.swift; sourceTree = "<group>"; };
/* End PBXFileReference section */

/* Begin PBXFrameworksBuildPhase section */
		512B122E23F42DD4000FAE09 /* Frameworks */ = {
			isa = PBXFrameworksBuildPhase;
			buildActionMask = 2147483647;
			files = (
			);
			runOnlyForDeploymentPostprocessing = 0;
		};
/* End PBXFrameworksBuildPhase section */

/* Begin PBXGroup section */
		512B122823F42DD4000FAE09 = {
			isa = PBXGroup;
			children = (
				512B123323F42DD4000FAE09 /* AnimatableModifier Demo */,
				512B123223F42DD4000FAE09 /* Products */,
			);
			sourceTree = "<group>";
		};
		512B123223F42DD4000FAE09 /* Products */ = {
			isa = PBXGroup;
			children = (
				512B123123F42DD4000FAE09 /* AnimatableModifier Demo.app */,
			);
			name = Products;
			sourceTree = "<group>";
		};
		512B123323F42DD4000FAE09 /* AnimatableModifier Demo */ = {
			isa = PBXGroup;
			children = (
				512B123423F42DD4000FAE09 /* AppDelegate.swift */,
				512B123623F42DD4000FAE09 /* SceneDelegate.swift */,
				512B123823F42DD4000FAE09 /* ContentView.swift */,
				512B124823F42DEE000FAE09 /* Text View Updating */,
				512B124D23F4475F000FAE09 /* Text Color Animation */,
				512B125223F44D76000FAE09 /* Gradient Animation */,
				512B123A23F42DDA000FAE09 /* Assets.xcassets */,
				512B123F23F42DDA000FAE09 /* LaunchScreen.storyboard */,
				512B124223F42DDA000FAE09 /* Info.plist */,
				512B123C23F42DDA000FAE09 /* Preview Content */,
			);
			path = "AnimatableModifier Demo";
			sourceTree = "<group>";
		};
		512B123C23F42DDA000FAE09 /* Preview Content */ = {
			isa = PBXGroup;
			children = (
				512B123D23F42DDA000FAE09 /* Preview Assets.xcassets */,
			);
			path = "Preview Content";
			sourceTree = "<group>";
		};
		512B124823F42DEE000FAE09 /* Text View Updating */ = {
			isa = PBXGroup;
			children = (
				512B124B23F42F09000FAE09 /* TextViewUpdateView.swift */,
				512B124923F42E31000FAE09 /* ProgressBarUpdater.swift */,
			);
			path = "Text View Updating";
			sourceTree = "<group>";
		};
		512B124D23F4475F000FAE09 /* Text Color Animation */ = {
			isa = PBXGroup;
			children = (
				512B125023F4480F000FAE09 /* TextColorAnimationView.swift */,
				512B124E23F44797000FAE09 /* TextColorAnimationModifier.swift */,
			);
			path = "Text Color Animation";
			sourceTree = "<group>";
		};
		512B125223F44D76000FAE09 /* Gradient Animation */ = {
			isa = PBXGroup;
			children = (
				512B125523F44DE3000FAE09 /* GradientAnimationView.swift */,
				512B125323F44D9B000FAE09 /* GradientModifier.swift */,
			);
			path = "Gradient Animation";
			sourceTree = "<group>";
		};
/* End PBXGroup section */

/* Begin PBXNativeTarget section */
		512B123023F42DD4000FAE09 /* AnimatableModifier Demo */ = {
			isa = PBXNativeTarget;
			buildConfigurationList = 512B124523F42DDA000FAE09 /* Build configuration list for PBXNativeTarget "AnimatableModifier Demo" */;
			buildPhases = (
				512B122D23F42DD4000FAE09 /* Sources */,
				512B122E23F42DD4000FAE09 /* Frameworks */,
				512B122F23F42DD4000FAE09 /* Resources */,
			);
			buildRules = (
			);
			dependencies = (
			);
			name = "AnimatableModifier Demo";
			productName = "AnimatableModifier Demo";
			productReference = 512B123123F42DD4000FAE09 /* AnimatableModifier Demo.app */;
			productType = "com.apple.product-type.application";
		};
/* End PBXNativeTarget section */

/* Begin PBXProject section */
		512B122923F42DD4000FAE09 /* Project object */ = {
			isa = PBXProject;
			attributes = {
				LastSwiftUpdateCheck = 1130;
				LastUpgradeCheck = 1130;
				ORGANIZATIONNAME = "Mazharul Huq";
				TargetAttributes = {
					512B123023F42DD4000FAE09 = {
						CreatedOnToolsVersion = 11.3.1;
					};
				};
			};
			buildConfigurationList = 512B122C23F42DD4000FAE09 /* Build configuration list for PBXProject "AnimatableModifier Demo" */;
			compatibilityVersion = "Xcode 9.3";
			developmentRegion = en;
			hasScannedForEncodings = 0;
			knownRegions = (
				en,
				Base,
			);
			mainGroup = 512B122823F42DD4000FAE09;
			productRefGroup = 512B123223F42DD4000FAE09 /* Products */;
			projectDirPath = "";
			projectRoot = "";
			targets = (
				512B123023F42DD4000FAE09 /* AnimatableModifier Demo */,
			);
		};
/* End PBXProject section */

/* Begin PBXResourcesBuildPhase section */
		512B122F23F42DD4000FAE09 /* Resources */ = {
			isa = PBXResourcesBuildPhase;
			buildActionMask = 2147483647;
			files = (
				512B124123F42DDA000FAE09 /* LaunchScreen.storyboard in Resources */,
				512B123E23F42DDA000FAE09 /* Preview Assets.xcassets in Resources */,
				512B123B23F42DDA000FAE09 /* Assets.xcassets in Resources */,
			);
			runOnlyForDeploymentPostprocessing = 0;
		};
/* End PBXResourcesBuildPhase section */

/* Begin PBXSourcesBuildPhase section */
		512B122D23F42DD4000FAE09 /* Sources */ = {
			isa = PBXSourcesBuildPhase;
			buildActionMask = 2147483647;
			files = (
				512B123523F42DD4000FAE09 /* AppDelegate.swift in Sources */,
				512B124C23F42F09000FAE09 /* TextViewUpdateView.swift in Sources */,
				512B124F23F44797000FAE09 /* TextColorAnimationModifier.swift in Sources */,
				512B125123F4480F000FAE09 /* TextColorAnimationView.swift in Sources */,
				512B125623F44DE3000FAE09 /* GradientAnimationView.swift in Sources */,
				512B123723F42DD4000FAE09 /* SceneDelegate.swift in Sources */,
				512B124A23F42E31000FAE09 /* ProgressBarUpdater.swift in Sources */,
				512B125423F44D9B000FAE09 /* GradientModifier.swift in Sources */,
				512B123923F42DD4000FAE09 /* ContentView.swift in Sources */,
			);
			runOnlyForDeploymentPostprocessing = 0;
		};
/* End PBXSourcesBuildPhase section */

/* Begin PBXVariantGroup section */
		512B123F23F42DDA000FAE09 /* LaunchScreen.storyboard */ = {
			isa = PBXVariantGroup;
			children = (
				512B124023F42DDA000FAE09 /* Base */,
			);
			name = LaunchScreen.storyboard;
			sourceTree = "<group>";
		};
/* End PBXVariantGroup section */

/* Begin XCBuildConfiguration section */
		512B124323F42DDA000FAE09 /* Debug */ = {
			isa = XCBuildConfiguration;
			buildSettings = {
				ALWAYS_SEARCH_USER_PATHS = NO;
				CLANG_ANALYZER_NONNULL = YES;
				CLANG_ANALYZER_NUMBER_OBJECT_CONVERSION = YES_AGGRESSIVE;
				CLANG_CXX_LANGUAGE_STANDARD = "gnu++14";
				CLANG_CXX_LIBRARY = "libc++";
				CLANG_ENABLE_MODULES = YES;
				CLANG_ENABLE_OBJC_ARC = YES;
				CLANG_ENABLE_OBJC_WEAK = YES;
				CLANG_WARN_BLOCK_CAPTURE_AUTORELEASING = YES;
				CLANG_WARN_BOOL_CONVERSION = YES;
				CLANG_WARN_COMMA = YES;
				CLANG_WARN_CONSTANT_CONVERSION = YES;
				CLANG_WARN_DEPRECATED_OBJC_IMPLEMENTATIONS = YES;
				CLANG_WARN_DIRECT_OBJC_ISA_USAGE = YES_ERROR;
				CLANG_WARN_DOCUMENTATION_COMMENTS = YES;
				CLANG_WARN_EMPTY_BODY = YES;
				CLANG_WARN_ENUM_CONVERSION = YES;
				CLANG_WARN_INFINITE_RECURSION = YES;
				CLANG_WARN_INT_CONVERSION = YES;
				CLANG_WARN_NON_LITERAL_NULL_CONVERSION = YES;
				CLANG_WARN_OBJC_IMPLICIT_RETAIN_SELF = YES;
				CLANG_WARN_OBJC_LITERAL_CONVERSION = YES;
				CLANG_WARN_OBJC_ROOT_CLASS = YES_ERROR;
				CLANG_WARN_RANGE_LOOP_ANALYSIS = YES;
				CLANG_WARN_STRICT_PROTOTYPES = YES;
				CLANG_WARN_SUSPICIOUS_MOVE = YES;
				CLANG_WARN_UNGUARDED_AVAILABILITY = YES_AGGRESSIVE;
				CLANG_WARN_UNREACHABLE_CODE = YES;
				CLANG_WARN__DUPLICATE_METHOD_MATCH = YES;
				COPY_PHASE_STRIP = NO;
				DEBUG_INFORMATION_FORMAT = dwarf;
				ENABLE_STRICT_OBJC_MSGSEND = YES;
				ENABLE_TESTABILITY = YES;
				GCC_C_LANGUAGE_STANDARD = gnu11;
				GCC_DYNAMIC_NO_PIC = NO;
				GCC_NO_COMMON_BLOCKS = YES;
				GCC_OPTIMIZATION_LEVEL = 0;
				GCC_PREPROCESSOR_DEFINITIONS = (
					"DEBUG=1",
					"$(inherited)",
				);
				GCC_WARN_64_TO_32_BIT_CONVERSION = YES;
				GCC_WARN_ABOUT_RETURN_TYPE = YES_ERROR;
				GCC_WARN_UNDECLARED_SELECTOR = YES;
				GCC_WARN_UNINITIALIZED_AUTOS = YES_AGGRESSIVE;
				GCC_WARN_UNUSED_FUNCTION = YES;
				GCC_WARN_UNUSED_VARIABLE = YES;
				IPHONEOS_DEPLOYMENT_TARGET = 13.2;
				MTL_ENABLE_DEBUG_INFO = INCLUDE_SOURCE;
				MTL_FAST_MATH = YES;
				ONLY_ACTIVE_ARCH = YES;
				SDKROOT = iphoneos;
				SWIFT_ACTIVE_COMPILATION_CONDITIONS = DEBUG;
				SWIFT_OPTIMIZATION_LEVEL = "-Onone";
			};
			name = Debug;
		};
		512B124423F42DDA000FAE09 /* Release */ = {
			isa = XCBuildConfiguration;
			buildSettings = {
				ALWAYS_SEARCH_USER_PATHS = NO;
				CLANG_ANALYZER_NONNULL = YES;
				CLANG_ANALYZER_NUMBER_OBJECT_CONVERSION = YES_AGGRESSIVE;
				CLANG_CXX_LANGUAGE_STANDARD = "gnu++14";
				CLANG_CXX_LIBRARY = "libc++";
				CLANG_ENABLE_MODULES = YES;
				CLANG_ENABLE_OBJC_ARC = YES;
				CLANG_ENABLE_OBJC_WEAK = YES;
				CLANG_WARN_BLOCK_CAPTURE_AUTORELEASING = YES;
				CLANG_WARN_BOOL_CONVERSION = YES;
				CLANG_WARN_COMMA = YES;
				CLANG_WARN_CONSTANT_CONVERSION = YES;
				CLANG_WARN_DEPRECATED_OBJC_IMPLEMENTATIONS = YES;
				CLANG_WARN_DIRECT_OBJC_ISA_USAGE = YES_ERROR;
				CLANG_WARN_DOCUMENTATION_COMMENTS = YES;
				CLANG_WARN_EMPTY_BODY = YES;
				CLANG_WARN_ENUM_CONVERSION = YES;
				CLANG_WARN_INFINITE_RECURSION = YES;
				CLANG_WARN_INT_CONVERSION = YES;
				CLANG_WARN_NON_LITERAL_NULL_CONVERSION = YES;
				CLANG_WARN_OBJC_IMPLICIT_RETAIN_SELF = YES;
				CLANG_WARN_OBJC_LITERAL_CONVERSION = YES;
				CLANG_WARN_OBJC_ROOT_CLASS = YES_ERROR;
				CLANG_WARN_RANGE_LOOP_ANALYSIS = YES;
				CLANG_WARN_STRICT_PROTOTYPES = YES;
				CLANG_WARN_SUSPICIOUS_MOVE = YES;
				CLANG_WARN_UNGUARDED_AVAILABILITY = YES_AGGRESSIVE;
				CLANG_WARN_UNREACHABLE_CODE = YES;
				CLANG_WARN__DUPLICATE_METHOD_MATCH = YES;
				COPY_PHASE_STRIP = NO;
				DEBUG_INFORMATION_FORMAT = "dwarf-with-dsym";
				ENABLE_NS_ASSERTIONS = NO;
				ENABLE_STRICT_OBJC_MSGSEND = YES;
				GCC_C_LANGUAGE_STANDARD = gnu11;
				GCC_NO_COMMON_BLOCKS = YES;
				GCC_WARN_64_TO_32_BIT_CONVERSION = YES;
				GCC_WARN_ABOUT_RETURN_TYPE = YES_ERROR;
				GCC_WARN_UNDECLARED_SELECTOR = YES;
				GCC_WARN_UNINITIALIZED_AUTOS = YES_AGGRESSIVE;
				GCC_WARN_UNUSED_FUNCTION = YES;
				GCC_WARN_UNUSED_VARIABLE = YES;
				IPHONEOS_DEPLOYMENT_TARGET = 13.2;
				MTL_ENABLE_DEBUG_INFO = NO;
				MTL_FAST_MATH = YES;
				SDKROOT = iphoneos;
				SWIFT_COMPILATION_MODE = wholemodule;
				SWIFT_OPTIMIZATION_LEVEL = "-O";
				VALIDATE_PRODUCT = YES;
			};
			name = Release;
		};
		512B124623F42DDA000FAE09 /* Debug */ = {
			isa = XCBuildConfiguration;
			buildSettings = {
				ASSETCATALOG_COMPILER_APPICON_NAME = AppIcon;
				CODE_SIGN_STYLE = Automatic;
				DEVELOPMENT_ASSET_PATHS = "\"AnimatableModifier Demo/Preview Content\"";
				DEVELOPMENT_TEAM = R77BD8MPA8;
				ENABLE_PREVIEWS = YES;
				INFOPLIST_FILE = "AnimatableModifier Demo/Info.plist";
				LD_RUNPATH_SEARCH_PATHS = (
					"$(inherited)",
					"@executable_path/Frameworks",
				);
				PRODUCT_BUNDLE_IDENTIFIER = "com.mazharul.huq.AnimatableModifier-Demo";
				PRODUCT_NAME = "$(TARGET_NAME)";
				SWIFT_VERSION = 5.0;
				TARGETED_DEVICE_FAMILY = "1,2";
			};
			name = Debug;
		};
		512B124723F42DDA000FAE09 /* Release */ = {
			isa = XCBuildConfiguration;
			buildSettings = {
				ASSETCATALOG_COMPILER_APPICON_NAME = AppIcon;
				CODE_SIGN_STYLE = Automatic;
				DEVELOPMENT_ASSET_PATHS = "\"AnimatableModifier Demo/Preview Content\"";
				DEVELOPMENT_TEAM = R77BD8MPA8;
				ENABLE_PREVIEWS = YES;
				INFOPLIST_FILE = "AnimatableModifier Demo/Info.plist";
				LD_RUNPATH_SEARCH_PATHS = (
					"$(inherited)",
					"@executable_path/Frameworks",
				);
				PRODUCT_BUNDLE_IDENTIFIER = "com.mazharul.huq.AnimatableModifier-Demo";
				PRODUCT_NAME = "$(TARGET_NAME)";
				SWIFT_VERSION = 5.0;
				TARGETED_DEVICE_FAMILY = "1,2";
			};
			name = Release;
		};
/* End XCBuildConfiguration section */

/* Begin XCConfigurationList section */
		512B122C23F42DD4000FAE09 /* Build configuration list for PBXProject "AnimatableModifier Demo" */ = {
			isa = XCConfigurationList;
			buildConfigurations = (
				512B124323F42DDA000FAE09 /* Debug */,
				512B124423F42DDA000FAE09 /* Release */,
			);
			defaultConfigurationIsVisible = 0;
			defaultConfigurationName = Release;
		};
		512B124523F42DDA000FAE09 /* Build configuration list for PBXNativeTarget "AnimatableModifier Demo" */ = {
			isa = XCConfigurationList;
			buildConfigurations = (
				512B124623F42DDA000FAE09 /* Debug */,
				512B124723F42DDA000FAE09 /* Release */,
			);
			defaultConfigurationIsVisible = 0;
			defaultConfigurationName = Release;
		};
/* End XCConfigurationList section */
	};
	rootObject = 512B122923F42DD4000FAE09 /* Project object */;
}
